
Microsoft Visual Studio Solution File, Format Version 12.00
# Visual Studio Version 16
VisualStudioVersion = 16.0.29728.190
MinimumVisualStudioVersion = 10.0.40219.1
Project("{FAE04EC0-301F-11D3-BF4B-00C04F79EFBC}") = "SuncorePracticum", "SuncorePracticum\SuncorePracticum.csproj", "{B33A8BC5-293B-42DC-BAA7-585DD4152B62}"
EndProject
Project("{FAE04EC0-301F-11D3-BF4B-00C04F79EFBC}") = "SuncorePracticum.Test", "SuncorePracticum.Test\SuncorePracticum.Test.csproj", "{949F657C-09BB-48C1-BA1E-FA8CFEFF20F6}"
	ProjectSection(ProjectDependencies) = postProject
		{B33A8BC5-293B-42DC-BAA7-585DD4152B62} = {B33A8BC5-293B-42DC-BAA7-585DD4152B62}
	EndProjectSection
EndProject
Global
	GlobalSection(SolutionConfigurationPlatforms) = preSolution
		Debug|Any CPU = Debug|Any CPU
		Release|Any CPU = Release|Any CPU
	EndGlobalSection
	GlobalSection(ProjectConfigurationPlatforms) = postSolution
		{B33A8BC5-293B-42DC-BAA7-585DD4152B62}.Debug|Any CPU.ActiveCfg = Debug|Any CPU
		{B33A8BC5-293B-42DC-BAA7-585DD4152B62}.Debug|Any CPU.Build.0 = Debug|Any CPU
		{B33A8BC5-293B-42DC-BAA7-585DD4152B62}.Release|Any CPU.ActiveCfg = Release|Any CPU
		{B33A8BC5-293B-42DC-BAA7-585DD4152B62}.Release|Any CPU.Build.0 = Release|Any CPU
		{949F657C-09BB-48C1-BA1E-FA8CFEFF20F6}.Debug|Any CPU.ActiveCfg = Debug|Any CPU
		{949F657C-09BB-48C1-BA1E-FA8CFEFF20F6}.Debug|Any CPU.Build.0 = Debug|Any CPU
		{949F657C-09BB-48C1-BA1E-FA8CFEFF20F6}.Release|Any CPU.ActiveCfg = Release|Any CPU
		{949F657C-09BB-48C1-BA1E-FA8CFEFF20F6}.Release|Any CPU.Build.0 = Release|Any CPU
	EndGlobalSection
	GlobalSection(SolutionProperties) = preSolution
		HideSolutionNode = FALSE
	EndGlobalSection
	GlobalSection(ExtensibilityGlobals) = postSolution
		SolutionGuid = {6502BB86-0C8E-442A-915B-B2422ACAAAB8}
	EndGlobalSection
EndGlobal
